
Microsoft Visual Studio Solution File, Format Version 12.00
# Visual Studio Version 16
VisualStudioVersion = 16.0.31624.102
MinimumVisualStudioVersion = 10.0.40219.1
Project("{FAE04EC0-301F-11D3-BF4B-00C04F79EFBC}") = "DZ_2", "DZ_2\DZ_2.csproj", "{DC3DB738-B597-4B41-B1C4-0AE8867C21E1}"
EndProject
Global
	GlobalSection(SolutionConfigurationPlatforms) = preSolution
		Debug|Any CPU = Debug|Any CPU
		Release|Any CPU = Release|Any CPU
	EndGlobalSection
	GlobalSection(ProjectConfigurationPlatforms) = postSolution
		{DC3DB738-B597-4B41-B1C4-0AE8867C21E1}.Debug|Any CPU.ActiveCfg = Debug|Any CPU
		{DC3DB738-B597-4B41-B1C4-0AE8867C21E1}.Debug|Any CPU.Build.0 = Debug|Any CPU
		{DC3DB738-B597-4B41-B1C4-0AE8867C21E1}.Release|Any CPU.ActiveCfg = Release|Any CPU
		{DC3DB738-B597-4B41-B1C4-0AE8867C21E1}.Release|Any CPU.Build.0 = Release|Any CPU
	EndGlobalSection
	GlobalSection(SolutionProperties) = preSolution
		HideSolutionNode = FALSE
	EndGlobalSection
	GlobalSection(ExtensibilityGlobals) = postSolution
		SolutionGuid = {0119117A-E0E6-4062-A5EB-62E4CA2F83E1}
	EndGlobalSection
EndGlobal
